
Microsoft Visual Studio Solution File, Format Version 12.00
# Visual Studio 15
VisualStudioVersion = 15.0.28307.572
MinimumVisualStudioVersion = 10.0.40219.1
Project("{FAE04EC0-301F-11D3-BF4B-00C04F79EFBC}") = "NHibernateExemplo", "NHibernateExemplo\NHibernateExemplo.csproj", "{4EA098C1-BCD5-44D1-84FA-DD850024B5D9}"
EndProject
Project("{FAE04EC0-301F-11D3-BF4B-00C04F79EFBC}") = "NHibernateExemplo.Tests", "NHibernateExemplo.Tests\NHibernateExemplo.Tests.csproj", "{FD5FEDED-7DBA-4E5A-8E9D-C8EB00317A37}"
EndProject
Global
	GlobalSection(SolutionConfigurationPlatforms) = preSolution
		Debug|Any CPU = Debug|Any CPU
		Release|Any CPU = Release|Any CPU
	EndGlobalSection
	GlobalSection(ProjectConfigurationPlatforms) = postSolution
		{4EA098C1-BCD5-44D1-84FA-DD850024B5D9}.Debug|Any CPU.ActiveCfg = Debug|Any CPU
		{4EA098C1-BCD5-44D1-84FA-DD850024B5D9}.Debug|Any CPU.Build.0 = Debug|Any CPU
		{4EA098C1-BCD5-44D1-84FA-DD850024B5D9}.Release|Any CPU.ActiveCfg = Release|Any CPU
		{4EA098C1-BCD5-44D1-84FA-DD850024B5D9}.Release|Any CPU.Build.0 = Release|Any CPU
		{FD5FEDED-7DBA-4E5A-8E9D-C8EB00317A37}.Debug|Any CPU.ActiveCfg = Debug|Any CPU
		{FD5FEDED-7DBA-4E5A-8E9D-C8EB00317A37}.Debug|Any CPU.Build.0 = Debug|Any CPU
		{FD5FEDED-7DBA-4E5A-8E9D-C8EB00317A37}.Release|Any CPU.ActiveCfg = Release|Any CPU
		{FD5FEDED-7DBA-4E5A-8E9D-C8EB00317A37}.Release|Any CPU.Build.0 = Release|Any CPU
	EndGlobalSection
	GlobalSection(SolutionProperties) = preSolution
		HideSolutionNode = FALSE
	EndGlobalSection
	GlobalSection(ExtensibilityGlobals) = postSolution
		SolutionGuid = {D0A8C8C5-F113-4EF2-AE93-63DD510DA2E7}
	EndGlobalSection
EndGlobal
